
Microsoft Visual Studio Solution File, Format Version 12.00
# Visual Studio Version 17
VisualStudioVersion = 17.14.36401.2 d17.14
MinimumVisualStudioVersion = 10.0.40219.1
Project("{FAE04EC0-301F-11D3-BF4B-00C04F79EFBC}") = "AP2.W2017.A3Console", "AP2.W2017.A3Console\AP2.W2017.A3Console.csproj", "{203522C6-27FE-4975-89FE-72102A797B72}"
EndProject
Global
	GlobalSection(SolutionConfigurationPlatforms) = preSolution
		Debug|Any CPU = Debug|Any CPU
		Release|Any CPU = Release|Any CPU
	EndGlobalSection
	GlobalSection(ProjectConfigurationPlatforms) = postSolution
		{203522C6-27FE-4975-89FE-72102A797B72}.Debug|Any CPU.ActiveCfg = Debug|Any CPU
		{203522C6-27FE-4975-89FE-72102A797B72}.Debug|Any CPU.Build.0 = Debug|Any CPU
		{203522C6-27FE-4975-89FE-72102A797B72}.Release|Any CPU.ActiveCfg = Release|Any CPU
		{203522C6-27FE-4975-89FE-72102A797B72}.Release|Any CPU.Build.0 = Release|Any CPU
	EndGlobalSection
	GlobalSection(SolutionProperties) = preSolution
		HideSolutionNode = FALSE
	EndGlobalSection
	GlobalSection(ExtensibilityGlobals) = postSolution
		SolutionGuid = {0591AA67-96F4-4C4F-A4DC-55406AA4456B}
	EndGlobalSection
EndGlobal
